
Microsoft Visual Studio Solution File, Format Version 12.00
# Visual Studio Version 16
VisualStudioVersion = 16.0.30114.105
MinimumVisualStudioVersion = 10.0.40219.1
Project("{FAE04EC0-301F-11D3-BF4B-00C04F79EFBC}") = "Parchis", "Parchis\Parchis.csproj", "{3AA263BF-DD1E-43EA-AD9A-7C7B98D35992}"
EndProject
Project("{FAE04EC0-301F-11D3-BF4B-00C04F79EFBC}") = "Parchis.Tests", "Parchis.Tests\Parchis.Tests.csproj", "{483F3169-DC13-4870-86E9-88749B537A2A}"
EndProject
Global
	GlobalSection(SolutionConfigurationPlatforms) = preSolution
		Debug|Any CPU = Debug|Any CPU
		Debug|x64 = Debug|x64
		Debug|x86 = Debug|x86
		Release|Any CPU = Release|Any CPU
		Release|x64 = Release|x64
		Release|x86 = Release|x86
	EndGlobalSection
	GlobalSection(SolutionProperties) = preSolution
		HideSolutionNode = FALSE
	EndGlobalSection
	GlobalSection(ProjectConfigurationPlatforms) = postSolution
		{3AA263BF-DD1E-43EA-AD9A-7C7B98D35992}.Debug|Any CPU.ActiveCfg = Debug|Any CPU
		{3AA263BF-DD1E-43EA-AD9A-7C7B98D35992}.Debug|Any CPU.Build.0 = Debug|Any CPU
		{3AA263BF-DD1E-43EA-AD9A-7C7B98D35992}.Debug|x64.ActiveCfg = Debug|Any CPU
		{3AA263BF-DD1E-43EA-AD9A-7C7B98D35992}.Debug|x64.Build.0 = Debug|Any CPU
		{3AA263BF-DD1E-43EA-AD9A-7C7B98D35992}.Debug|x86.ActiveCfg = Debug|Any CPU
		{3AA263BF-DD1E-43EA-AD9A-7C7B98D35992}.Debug|x86.Build.0 = Debug|Any CPU
		{3AA263BF-DD1E-43EA-AD9A-7C7B98D35992}.Release|Any CPU.ActiveCfg = Release|Any CPU
		{3AA263BF-DD1E-43EA-AD9A-7C7B98D35992}.Release|Any CPU.Build.0 = Release|Any CPU
		{3AA263BF-DD1E-43EA-AD9A-7C7B98D35992}.Release|x64.ActiveCfg = Release|Any CPU
		{3AA263BF-DD1E-43EA-AD9A-7C7B98D35992}.Release|x64.Build.0 = Release|Any CPU
		{3AA263BF-DD1E-43EA-AD9A-7C7B98D35992}.Release|x86.ActiveCfg = Release|Any CPU
		{3AA263BF-DD1E-43EA-AD9A-7C7B98D35992}.Release|x86.Build.0 = Release|Any CPU
		{483F3169-DC13-4870-86E9-88749B537A2A}.Debug|Any CPU.ActiveCfg = Debug|Any CPU
		{483F3169-DC13-4870-86E9-88749B537A2A}.Debug|Any CPU.Build.0 = Debug|Any CPU
		{483F3169-DC13-4870-86E9-88749B537A2A}.Debug|x64.ActiveCfg = Debug|Any CPU
		{483F3169-DC13-4870-86E9-88749B537A2A}.Debug|x64.Build.0 = Debug|Any CPU
		{483F3169-DC13-4870-86E9-88749B537A2A}.Debug|x86.ActiveCfg = Debug|Any CPU
		{483F3169-DC13-4870-86E9-88749B537A2A}.Debug|x86.Build.0 = Debug|Any CPU
		{483F3169-DC13-4870-86E9-88749B537A2A}.Release|Any CPU.ActiveCfg = Release|Any CPU
		{483F3169-DC13-4870-86E9-88749B537A2A}.Release|Any CPU.Build.0 = Release|Any CPU
		{483F3169-DC13-4870-86E9-88749B537A2A}.Release|x64.ActiveCfg = Release|Any CPU
		{483F3169-DC13-4870-86E9-88749B537A2A}.Release|x64.Build.0 = Release|Any CPU
		{483F3169-DC13-4870-86E9-88749B537A2A}.Release|x86.ActiveCfg = Release|Any CPU
		{483F3169-DC13-4870-86E9-88749B537A2A}.Release|x86.Build.0 = Release|Any CPU
	EndGlobalSection
EndGlobal
